{
  "nodes": {
    "nixpkgs": {
      "locked": {
        "lastModified": 1739054415,
        "narHash": "sha256-HdrscY00G2CoEXm6QHyXcEeg3WnBchpyR4vETaHxm2M=",
        "path": "/nix/store/6sl9g1n250l4add25c7n319pnxyrd4wg-source",
        "rev": "b26757fbc8ce0937d300324c18291d0620698fb7",
        "type": "path"
      },
      "original": {
        "id": "nixpkgs",
        "type": "indirect"
      }
    },
    "root": {
      "inputs": {
        "nixpkgs": "nixpkgs"
      }
    }
  },
  "root": "root",
  "version": 7
}
